
Microsoft Visual Studio Solution File, Format Version 12.00
# Visual Studio Version 17
VisualStudioVersion = 17.14.37012.4 d17.14
MinimumVisualStudioVersion = 10.0.40219.1
Project("{54A90642-561A-4BB1-A94E-469ADEE60C69}") = "ensayo1cmq.client", "ensayo1cmq.client\ensayo1cmq.client.esproj", "{2D2777E6-C343-5A78-F8D0-DD66A710529F}"
EndProject
Project("{FAE04EC0-301F-11D3-BF4B-00C04F79EFBC}") = "Ensayo1CMQ.Server", "Ensayo1CMQ.Server\Ensayo1CMQ.Server.csproj", "{F2F56D15-C608-4110-8693-5E38477903E7}"
EndProject
Global
	GlobalSection(SolutionConfigurationPlatforms) = preSolution
		Debug|Any CPU = Debug|Any CPU
		Release|Any CPU = Release|Any CPU
	EndGlobalSection
	GlobalSection(ProjectConfigurationPlatforms) = postSolution
		{2D2777E6-C343-5A78-F8D0-DD66A710529F}.Debug|Any CPU.ActiveCfg = Debug|Any CPU
		{2D2777E6-C343-5A78-F8D0-DD66A710529F}.Debug|Any CPU.Build.0 = Debug|Any CPU
		{2D2777E6-C343-5A78-F8D0-DD66A710529F}.Debug|Any CPU.Deploy.0 = Debug|Any CPU
		{2D2777E6-C343-5A78-F8D0-DD66A710529F}.Release|Any CPU.ActiveCfg = Release|Any CPU
		{2D2777E6-C343-5A78-F8D0-DD66A710529F}.Release|Any CPU.Build.0 = Release|Any CPU
		{2D2777E6-C343-5A78-F8D0-DD66A710529F}.Release|Any CPU.Deploy.0 = Release|Any CPU
		{F2F56D15-C608-4110-8693-5E38477903E7}.Debug|Any CPU.ActiveCfg = Debug|Any CPU
		{F2F56D15-C608-4110-8693-5E38477903E7}.Debug|Any CPU.Build.0 = Debug|Any CPU
		{F2F56D15-C608-4110-8693-5E38477903E7}.Release|Any CPU.ActiveCfg = Release|Any CPU
		{F2F56D15-C608-4110-8693-5E38477903E7}.Release|Any CPU.Build.0 = Release|Any CPU
	EndGlobalSection
	GlobalSection(SolutionProperties) = preSolution
		HideSolutionNode = FALSE
	EndGlobalSection
	GlobalSection(ExtensibilityGlobals) = postSolution
		SolutionGuid = {636D5A5B-A84A-42BB-8430-844507277A8B}
	EndGlobalSection
EndGlobal
